
Microsoft Visual Studio Solution File, Format Version 12.00
# Visual Studio Version 17
VisualStudioVersion = 17.1.32228.430
MinimumVisualStudioVersion = 10.0.40219.1
Project("{8BC9CEB8-8B4A-11D0-8D11-00A0C91BC942}") = "vitality-controls", "vitality-controls\vitality-controls.vcxproj", "{426FC723-5FC3-47B1-ACCA-07465FA2B189}"
EndProject
Project("{8BC9CEB8-8B4A-11D0-8D11-00A0C91BC942}") = "vicapp", "vicapp\vicapp.vcxproj", "{63B2F73C-1752-4B1B-90BA-D5C5BAB588B6}"
EndProject
Project("{2150E333-8FDC-42A3-9474-1A3956D46DE8}") = "docs", "docs", "{20915D16-F8DA-4185-806C-D4169D133183}"
	ProjectSection(SolutionItems) = preProject
		README.md = README.md
	EndProjectSection
EndProject
Project("{2150E333-8FDC-42A3-9474-1A3956D46DE8}") = "imgs", "imgs", "{ACB50BF7-E6F7-40FF-9E44-D905A3DBF457}"
	ProjectSection(SolutionItems) = preProject
		docs\imgs\bczlmm.png = docs\imgs\bczlmm.png
	EndProjectSection
EndProject
Global
	GlobalSection(SolutionConfigurationPlatforms) = preSolution
		Debug|x64 = Debug|x64
		Debug|x86 = Debug|x86
		Release|x64 = Release|x64
		Release|x86 = Release|x86
	EndGlobalSection
	GlobalSection(ProjectConfigurationPlatforms) = postSolution
		{426FC723-5FC3-47B1-ACCA-07465FA2B189}.Debug|x64.ActiveCfg = Debug|x64
		{426FC723-5FC3-47B1-ACCA-07465FA2B189}.Debug|x64.Build.0 = Debug|x64
		{426FC723-5FC3-47B1-ACCA-07465FA2B189}.Debug|x86.ActiveCfg = Debug|Win32
		{426FC723-5FC3-47B1-ACCA-07465FA2B189}.Debug|x86.Build.0 = Debug|Win32
		{426FC723-5FC3-47B1-ACCA-07465FA2B189}.Release|x64.ActiveCfg = Release|x64
		{426FC723-5FC3-47B1-ACCA-07465FA2B189}.Release|x64.Build.0 = Release|x64
		{426FC723-5FC3-47B1-ACCA-07465FA2B189}.Release|x86.ActiveCfg = Release|Win32
		{426FC723-5FC3-47B1-ACCA-07465FA2B189}.Release|x86.Build.0 = Release|Win32
		{63B2F73C-1752-4B1B-90BA-D5C5BAB588B6}.Debug|x64.ActiveCfg = Debug|x64
		{63B2F73C-1752-4B1B-90BA-D5C5BAB588B6}.Debug|x64.Build.0 = Debug|x64
		{63B2F73C-1752-4B1B-90BA-D5C5BAB588B6}.Debug|x86.ActiveCfg = Debug|Win32
		{63B2F73C-1752-4B1B-90BA-D5C5BAB588B6}.Debug|x86.Build.0 = Debug|Win32
		{63B2F73C-1752-4B1B-90BA-D5C5BAB588B6}.Release|x64.ActiveCfg = Release|x64
		{63B2F73C-1752-4B1B-90BA-D5C5BAB588B6}.Release|x64.Build.0 = Release|x64
		{63B2F73C-1752-4B1B-90BA-D5C5BAB588B6}.Release|x86.ActiveCfg = Release|Win32
		{63B2F73C-1752-4B1B-90BA-D5C5BAB588B6}.Release|x86.Build.0 = Release|Win32
	EndGlobalSection
	GlobalSection(SolutionProperties) = preSolution
		HideSolutionNode = FALSE
	EndGlobalSection
	GlobalSection(NestedProjects) = preSolution
		{ACB50BF7-E6F7-40FF-9E44-D905A3DBF457} = {20915D16-F8DA-4185-806C-D4169D133183}
	EndGlobalSection
	GlobalSection(ExtensibilityGlobals) = postSolution
		SolutionGuid = {B272E107-2D09-452F-8C59-EBB3D9C9997B}
	EndGlobalSection
EndGlobal
